
Microsoft Visual Studio Solution File, Format Version 12.00
# Visual Studio Version 16
VisualStudioVersion = 16.0.31005.135
MinimumVisualStudioVersion = 10.0.40219.1
Project("{9A19103F-16F7-4668-BE54-9A1E7A4F7556}") = "DNS-over-HTTPS", "DNS-over-HTTPS\DNS-over-HTTPS.csproj", "{3B16FE4A-B423-40DA-A2C9-B580C74F45F3}"
EndProject
Global
	GlobalSection(SolutionConfigurationPlatforms) = preSolution
		Debug|Any CPU = Debug|Any CPU
		Release|Any CPU = Release|Any CPU
	EndGlobalSection
	GlobalSection(ProjectConfigurationPlatforms) = postSolution
		{3B16FE4A-B423-40DA-A2C9-B580C74F45F3}.Debug|Any CPU.ActiveCfg = Debug|Any CPU
		{3B16FE4A-B423-40DA-A2C9-B580C74F45F3}.Debug|Any CPU.Build.0 = Debug|Any CPU
		{3B16FE4A-B423-40DA-A2C9-B580C74F45F3}.Release|Any CPU.ActiveCfg = Release|Any CPU
		{3B16FE4A-B423-40DA-A2C9-B580C74F45F3}.Release|Any CPU.Build.0 = Release|Any CPU
	EndGlobalSection
	GlobalSection(SolutionProperties) = preSolution
		HideSolutionNode = FALSE
	EndGlobalSection
	GlobalSection(ExtensibilityGlobals) = postSolution
		SolutionGuid = {1520F05F-25C3-48F3-B4D9-FF440EEE66D6}
	EndGlobalSection
EndGlobal
